
Microsoft Visual Studio Solution File, Format Version 12.00
# Visual Studio Version 17
VisualStudioVersion = 17.11.35303.130
MinimumVisualStudioVersion = 10.0.40219.1
Project("{888888A0-9F3D-457C-B088-3A5042F75D52}") = "Project0", "Project0.pyproj", "{57BD9ECE-0911-4CAF-960C-B2B93A9CCE0F}"
EndProject
Global
	GlobalSection(SolutionConfigurationPlatforms) = preSolution
		Debug|Any CPU = Debug|Any CPU
		Release|Any CPU = Release|Any CPU
	EndGlobalSection
	GlobalSection(ProjectConfigurationPlatforms) = postSolution
		{57BD9ECE-0911-4CAF-960C-B2B93A9CCE0F}.Debug|Any CPU.ActiveCfg = Debug|Any CPU
		{57BD9ECE-0911-4CAF-960C-B2B93A9CCE0F}.Release|Any CPU.ActiveCfg = Release|Any CPU
	EndGlobalSection
	GlobalSection(SolutionProperties) = preSolution
		HideSolutionNode = FALSE
	EndGlobalSection
	GlobalSection(ExtensibilityGlobals) = postSolution
		SolutionGuid = {1D8CB626-FD17-47E7-BE57-162BD510226D}
	EndGlobalSection
EndGlobal
